<?xml version="1.0" encoding="utf-8"?>
<Project ToolsVersion="4.0" xmlns="http://schemas.microsoft.com/developer/msbuild/2003">
  <ItemGroup>
    <Filter Include="Source Files">
      <UniqueIdentifier>{4FC737F1-C7A5-4376-A066-2A32D752A2FF}</UniqueIdentifier>
      <Extensions>cpp;c;cc;cxx;c++;cppm;ixx;def;odl;idl;hpj;bat;asm;asmx</Extensions>
    </Filter>
    <Filter Include="Header Files">
      <UniqueIdentifier>{93995380-89BD-4b04-88EB-625FBE52EBFB}</UniqueIdentifier>
      <Extensions>h;hh;hpp;hxx;h++;hm;inl;inc;ipp;xsd</Extensions>
    </Filter>
    <Filter Include="Resource Files">
      <UniqueIdentifier>{67DA6AB6-F800-4c08-8B7A-83BB121AAD01}</UniqueIdentifier>
      <Extensions>rc;ico;cur;bmp;dlg;rc2;rct;bin;rgs;gif;jpg;jpeg;jpe;resx;tiff;tif;png;wav;mfcribbon-ms</Extensions>
    </Filter>
  </ItemGroup>
  <ItemGroup>
    <ClInclude Include="inc\view\MainFrame.h">
      <Filter>Header Files</Filter>
    </ClInclude>
    <ClInclude Include="inc\MasterWork.h">
      <Filter>Header Files</Filter>
    </ClInclude>
    <ClInclude Include="inc\view\SidePanel.h">
      <Filter>Header Files</Filter>
    </ClInclude>
    <ClInclude Include="inc\view\BottomPanel.h">
      <Filter>Header Files</Filter>
    </ClInclude>
    <ClInclude Include="inc\view\WorkPanel.h">
      <Filter>Header Files</Filter>
    </ClInclude>
    <ClInclude Include="inc\mwDefines.h">
      <Filter>Header Files</Filter>
    </ClInclude>
    <ClInclude Include="inc\view\TopPanel.h">
      <Filter>Header Files</Filter>
    </ClInclude>
    <ClInclude Include="inc\controller\Controller.h">
      <Filter>Header Files</Filter>
    </ClInclude>
    <ClInclude Include="inc\model\sqlite3.h">
      <Filter>Header Files</Filter>
    </ClInclude>
    <ClInclude Include="inc\model\mwModel.h">
      <Filter>Header Files</Filter>
    </ClInclude>
    <ClInclude Include="inc\model\User.h">
      <Filter>Header Files</Filter>
    </ClInclude>
    <ClInclude Include="inc\model\mwProject.h">
      <Filter>Header Files</Filter>
    </ClInclude>
    <ClInclude Include="inc\model\mwTask.h">
      <Filter>Header Files</Filter>
    </ClInclude>
    <ClInclude Include="inc\model\mwDBHandler.h">
      <Filter>Header Files</Filter>
    </ClInclude>
    <ClInclude Include="inc\model\mwModelItem.h">
      <Filter>Header Files</Filter>
    </ClInclude>
    <ClInclude Include="inc\controller\Logger.h">
      <Filter>Header Files</Filter>
    </ClInclude>
    <ClInclude Include="inc\model\mwNotification.h">
      <Filter>Header Files</Filter>
    </ClInclude>
    <ClInclude Include="inc\view\TaskPanel.h">
      <Filter>Header Files</Filter>
    </ClInclude>
    <ClInclude Include="inc\view\NewProjectFrame.h">
      <Filter>Header Files</Filter>
    </ClInclude>
    <ClInclude Include="inc\view\NewTaskFrame.h">
      <Filter>Header Files</Filter>
    </ClInclude>
    <ClInclude Include="inc\model\DateTime.h">
      <Filter>Header Files</Filter>
    </ClInclude>
    <ClInclude Include="inc\view\AboutFrame.h">
      <Filter>Header Files</Filter>
    </ClInclude>
    <ClInclude Include="inc\view\NewUserFrame.h">
      <Filter>Header Files</Filter>
    </ClInclude>
  </ItemGroup>
  <ItemGroup>
    <ClCompile Include="src\MainFrame.cpp">
      <Filter>Source Files</Filter>
    </ClCompile>
    <ClCompile Include="src\MasterWork.cpp">
      <Filter>Source Files</Filter>
    </ClCompile>
    <ClCompile Include="src\SidePanel.cpp">
      <Filter>Source Files</Filter>
    </ClCompile>
    <ClCompile Include="src\BottomPanel.cpp">
      <Filter>Source Files</Filter>
    </ClCompile>
    <ClCompile Include="src\WorkPanel.cpp">
      <Filter>Source Files</Filter>
    </ClCompile>
    <ClCompile Include="src\TopPanel.cpp">
      <Filter>Source Files</Filter>
    </ClCompile>
    <ClCompile Include="src\Controller.cpp">
      <Filter>Source Files</Filter>
    </ClCompile>
    <ClCompile Include="src\sqlite3.c">
      <Filter>Source Files</Filter>
    </ClCompile>
    <ClCompile Include="src\mwModel.cpp">
      <Filter>Source Files</Filter>
    </ClCompile>
    <ClCompile Include="src\User.cpp">
      <Filter>Source Files</Filter>
    </ClCompile>
    <ClCompile Include="src\mwProject.cpp">
      <Filter>Source Files</Filter>
    </ClCompile>
    <ClCompile Include="src\mwTask.cpp">
      <Filter>Source Files</Filter>
    </ClCompile>
    <ClCompile Include="src\mwDBHandler.cpp">
      <Filter>Source Files</Filter>
    </ClCompile>
    <ClCompile Include="src\mwModelItem.cpp">
      <Filter>Source Files</Filter>
    </ClCompile>
    <ClCompile Include="src\Logger.cpp">
      <Filter>Source Files</Filter>
    </ClCompile>
    <ClCompile Include="src\mwNotification.cpp">
      <Filter>Source Files</Filter>
    </ClCompile>
    <ClCompile Include="src\TaskPanel.cpp">
      <Filter>Source Files</Filter>
    </ClCompile>
    <ClCompile Include="src\NewProjectFrame.cpp">
      <Filter>Source Files</Filter>
    </ClCompile>
    <ClCompile Include="src\NewTaskFrame.cpp">
      <Filter>Source Files</Filter>
    </ClCompile>
    <ClCompile Include="src\DateTime.cpp">
      <Filter>Source Files</Filter>
    </ClCompile>
    <ClCompile Include="src\AboutFrame.cpp">
      <Filter>Source Files</Filter>
    </ClCompile>
    <ClCompile Include="src\NewUserFrame.cpp">
      <Filter>Source Files</Filter>
    </ClCompile>
  </ItemGroup>
  <ItemGroup>
    <Xml Include="resources\style\style.xml" />
  </ItemGroup>
</Project>